// !$*UTF8*$!
{
	archiveVersion = 1;
	classes = {
	};
	objectVersion = 48;
	objects = {

/* Begin PBXBuildFile section */
		67D258011FBC2E890029B74E /* AppDelegate.swift in Sources */ = {isa = PBXBuildFile; fileRef = 67D258001FBC2E890029B74E /* AppDelegate.swift */; };
		67D258031FBC2E890029B74E /* ViewController.swift in Sources */ = {isa = PBXBuildFile; fileRef = 67D258021FBC2E890029B74E /* ViewController.swift */; };
		67D258061FBC2E890029B74E /* Main.storyboard in Resources */ = {isa = PBXBuildFile; fileRef = 67D258041FBC2E890029B74E /* Main.storyboard */; };
		67D258081FBC2E890029B74E /* Assets.xcassets in Resources */ = {isa = PBXBuildFile; fileRef = 67D258071FBC2E890029B74E /* Assets.xcassets */; };
		67D2580B1FBC2E890029B74E /* LaunchScreen.storyboard in Resources */ = {isa = PBXBuildFile; fileRef = 67D258091FBC2E890029B74E /* LaunchScreen.storyboard */; };
		67D258161FBC2E8A0029B74E /* PassDataUsingClousreTests.swift in Sources */ = {isa = PBXBuildFile; fileRef = 67D258151FBC2E8A0029B74E /* PassDataUsingClousreTests.swift */; };
		67F990C61FBC3C6300EFDB48 /* ViewController2.swift in Sources */ = {isa = PBXBuildFile; fileRef = 67F990C51FBC3C6300EFDB48 /* ViewController2.swift */; };
/* End PBXBuildFile section */

/* Begin PBXContainerItemProxy section */
		67D258121FBC2E8A0029B74E /* PBXContainerItemProxy */ = {
			isa = PBXContainerItemProxy;
			containerPortal = 67D257F51FBC2E890029B74E /* Project object */;
			proxyType = 1;
			remoteGlobalIDString = 67D257FC1FBC2E890029B74E;
			remoteInfo = PassDataUsingClousre;
		};
/* End PBXContainerItemProxy section */

/* Begin PBXFileReference section */
		67D257FD1FBC2E890029B74E /* PassDataUsingClousre.app */ = {isa = PBXFileReference; explicitFileType = wrapper.application; includeInIndex = 0; path = PassDataUsingClousre.app; sourceTree = BUILT_PRODUCTS_DIR; };
		67D258001FBC2E890029B74E /* AppDelegate.swift */ = {isa = PBXFileReference; lastKnownFileType = sourcecode.swift; path = AppDelegate.swift; sourceTree = "<group>"; };
		67D258021FBC2E890029B74E /* ViewController.swift */ = {isa = PBXFileReference; lastKnownFileType = sourcecode.swift; path = ViewController.swift; sourceTree = "<group>"; };
		67D258051FBC2E890029B74E /* Base */ = {isa = PBXFileReference; lastKnownFileType = file.storyboard; name = Base; path = Base.lproj/Main.storyboard; sourceTree = "<group>"; };
		67D258071FBC2E890029B74E /* Assets.xcassets */ = {isa = PBXFileReference; lastKnownFileType = folder.assetcatalog; path = Assets.xcassets; sourceTree = "<group>"; };
		67D2580A1FBC2E890029B74E /* Base */ = {isa = PBXFileReference; lastKnownFileType = file.storyboard; name = Base; path = Base.lproj/LaunchScreen.storyboard; sourceTree = "<group>"; };
		67D2580C1FBC2E890029B74E /* Info.plist */ = {isa = PBXFileReference; lastKnownFileType = text.plist.xml; path = Info.plist; sourceTree = "<group>"; };
		67D258111FBC2E8A0029B74E /* PassDataUsingClousreTests.xctest */ = {isa = PBXFileReference; explicitFileType = wrapper.cfbundle; includeInIndex = 0; path = PassDataUsingClousreTests.xctest; sourceTree = BUILT_PRODUCTS_DIR; };
		67D258151FBC2E8A0029B74E /* PassDataUsingClousreTests.swift */ = {isa = PBXFileReference; lastKnownFileType = sourcecode.swift; path = PassDataUsingClousreTests.swift; sourceTree = "<group>"; };
		67D258171FBC2E8A0029B74E /* Info.plist */ = {isa = PBXFileReference; lastKnownFileType = text.plist.xml; path = Info.plist; sourceTree = "<group>"; };
		67F990C51FBC3C6300EFDB48 /* ViewController2.swift */ = {isa = PBXFileReference; lastKnownFileType = sourcecode.swift; path = ViewController2.swift; sourceTree = "<group>"; };
/* End PBXFileReference section */

/* Begin PBXFrameworksBuildPhase section */
		67D257FA1FBC2E890029B74E /* Frameworks */ = {
			isa = PBXFrameworksBuildPhase;
			buildActionMask = 2147483647;
			files = (
			);
			runOnlyForDeploymentPostprocessing = 0;
		};
		67D2580E1FBC2E8A0029B74E /* Frameworks */ = {
			isa = PBXFrameworksBuildPhase;
			buildActionMask = 2147483647;
			files = (
			);
			runOnlyForDeploymentPostprocessing = 0;
		};
/* End PBXFrameworksBuildPhase section */

/* Begin PBXGroup section */
		67D257F41FBC2E890029B74E = {
			isa = PBXGroup;
			children = (
				67D257FF1FBC2E890029B74E /* PassDataUsingClousre */,
				67D258141FBC2E8A0029B74E /* PassDataUsingClousreTests */,
				67D257FE1FBC2E890029B74E /* Products */,
			);
			sourceTree = "<group>";
		};
		67D257FE1FBC2E890029B74E /* Products */ = {
			isa = PBXGroup;
			children = (
				67D257FD1FBC2E890029B74E /* PassDataUsingClousre.app */,
				67D258111FBC2E8A0029B74E /* PassDataUsingClousreTests.xctest */,
			);
			name = Products;
			sourceTree = "<group>";
		};
		67D257FF1FBC2E890029B74E /* PassDataUsingClousre */ = {
			isa = PBXGroup;
			children = (
				67D258001FBC2E890029B74E /* AppDelegate.swift */,
				67D258041FBC2E890029B74E /* Main.storyboard */,
				67D258021FBC2E890029B74E /* ViewController.swift */,
				67F990C51FBC3C6300EFDB48 /* ViewController2.swift */,
				67D258071FBC2E890029B74E /* Assets.xcassets */,
				67D258091FBC2E890029B74E /* LaunchScreen.storyboard */,
				67D2580C1FBC2E890029B74E /* Info.plist */,
			);
			path = PassDataUsingClousre;
			sourceTree = "<group>";
		};
		67D258141FBC2E8A0029B74E /* PassDataUsingClousreTests */ = {
			isa = PBXGroup;
			children = (
				67D258151FBC2E8A0029B74E /* PassDataUsingClousreTests.swift */,
				67D258171FBC2E8A0029B74E /* Info.plist */,
			);
			path = PassDataUsingClousreTests;
			sourceTree = "<group>";
		};
/* End PBXGroup section */

/* Begin PBXNativeTarget section */
		67D257FC1FBC2E890029B74E /* PassDataUsingClousre */ = {
			isa = PBXNativeTarget;
			buildConfigurationList = 67D2581A1FBC2E8A0029B74E /* Build configuration list for PBXNativeTarget "PassDataUsingClousre" */;
			buildPhases = (
				67D257F91FBC2E890029B74E /* Sources */,
				67D257FA1FBC2E890029B74E /* Frameworks */,
				67D257FB1FBC2E890029B74E /* Resources */,
			);
			buildRules = (
			);
			dependencies = (
			);
			name = PassDataUsingClousre;
			productName = PassDataUsingClousre;
			productReference = 67D257FD1FBC2E890029B74E /* PassDataUsingClousre.app */;
			productType = "com.apple.product-type.application";
		};
		67D258101FBC2E8A0029B74E /* PassDataUsingClousreTests */ = {
			isa = PBXNativeTarget;
			buildConfigurationList = 67D2581D1FBC2E8A0029B74E /* Build configuration list for PBXNativeTarget "PassDataUsingClousreTests" */;
			buildPhases = (
				67D2580D1FBC2E8A0029B74E /* Sources */,
				67D2580E1FBC2E8A0029B74E /* Frameworks */,
				67D2580F1FBC2E8A0029B74E /* Resources */,
			);
			buildRules = (
			);
			dependencies = (
				67D258131FBC2E8A0029B74E /* PBXTargetDependency */,
			);
			name = PassDataUsingClousreTests;
			productName = PassDataUsingClousreTests;
			productReference = 67D258111FBC2E8A0029B74E /* PassDataUsingClousreTests.xctest */;
			productType = "com.apple.product-type.bundle.unit-test";
		};
/* End PBXNativeTarget section */

/* Begin PBXProject section */
		67D257F51FBC2E890029B74E /* Project object */ = {
			isa = PBXProject;
			attributes = {
				LastSwiftUpdateCheck = 0900;
				LastUpgradeCheck = 0900;
				ORGANIZATIONNAME = Cuong15tr;
				TargetAttributes = {
					67D257FC1FBC2E890029B74E = {
						CreatedOnToolsVersion = 9.0;
						ProvisioningStyle = Automatic;
					};
					67D258101FBC2E8A0029B74E = {
						CreatedOnToolsVersion = 9.0;
						ProvisioningStyle = Automatic;
						TestTargetID = 67D257FC1FBC2E890029B74E;
					};
				};
			};
			buildConfigurationList = 67D257F81FBC2E890029B74E /* Build configuration list for PBXProject "PassDataUsingClousre" */;
			compatibilityVersion = "Xcode 8.0";
			developmentRegion = en;
			hasScannedForEncodings = 0;
			knownRegions = (
				en,
				Base,
			);
			mainGroup = 67D257F41FBC2E890029B74E;
			productRefGroup = 67D257FE1FBC2E890029B74E /* Products */;
			projectDirPath = "";
			projectRoot = "";
			targets = (
				67D257FC1FBC2E890029B74E /* PassDataUsingClousre */,
				67D258101FBC2E8A0029B74E /* PassDataUsingClousreTests */,
			);
		};
/* End PBXProject section */

/* Begin PBXResourcesBuildPhase section */
		67D257FB1FBC2E890029B74E /* Resources */ = {
			isa = PBXResourcesBuildPhase;
			buildActionMask = 2147483647;
			files = (
				67D2580B1FBC2E890029B74E /* LaunchScreen.storyboard in Resources */,
				67D258081FBC2E890029B74E /* Assets.xcassets in Resources */,
				67D258061FBC2E890029B74E /* Main.storyboard in Resources */,
			);
			runOnlyForDeploymentPostprocessing = 0;
		};
		67D2580F1FBC2E8A0029B74E /* Resources */ = {
			isa = PBXResourcesBuildPhase;
			buildActionMask = 2147483647;
			files = (
			);
			runOnlyForDeploymentPostprocessing = 0;
		};
/* End PBXResourcesBuildPhase section */

/* Begin PBXSourcesBuildPhase section */
		67D257F91FBC2E890029B74E /* Sources */ = {
			isa = PBXSourcesBuildPhase;
			buildActionMask = 2147483647;
			files = (
				67D258031FBC2E890029B74E /* ViewController.swift in Sources */,
				67D258011FBC2E890029B74E /* AppDelegate.swift in Sources */,
				67F990C61FBC3C6300EFDB48 /* ViewController2.swift in Sources */,
			);
			runOnlyForDeploymentPostprocessing = 0;
		};
		67D2580D1FBC2E8A0029B74E /* Sources */ = {
			isa = PBXSourcesBuildPhase;
			buildActionMask = 2147483647;
			files = (
				67D258161FBC2E8A0029B74E /* PassDataUsingClousreTests.swift in Sources */,
			);
			runOnlyForDeploymentPostprocessing = 0;
		};
/* End PBXSourcesBuildPhase section */

/* Begin PBXTargetDependency section */
		67D258131FBC2E8A0029B74E /* PBXTargetDependency */ = {
			isa = PBXTargetDependency;
			target = 67D257FC1FBC2E890029B74E /* PassDataUsingClousre */;
			targetProxy = 67D258121FBC2E8A0029B74E /* PBXContainerItemProxy */;
		};
/* End PBXTargetDependency section */

/* Begin PBXVariantGroup section */
		67D258041FBC2E890029B74E /* Main.storyboard */ = {
			isa = PBXVariantGroup;
			children = (
				67D258051FBC2E890029B74E /* Base */,
			);
			name = Main.storyboard;
			sourceTree = "<group>";
		};
		67D258091FBC2E890029B74E /* LaunchScreen.storyboard */ = {
			isa = PBXVariantGroup;
			children = (
				67D2580A1FBC2E890029B74E /* Base */,
			);
			name = LaunchScreen.storyboard;
			sourceTree = "<group>";
		};
/* End PBXVariantGroup section */

/* Begin XCBuildConfiguration section */
		67D258181FBC2E8A0029B74E /* Debug */ = {
			isa = XCBuildConfiguration;
			buildSettings = {
				ALWAYS_SEARCH_USER_PATHS = NO;
				CLANG_ANALYZER_NONNULL = YES;
				CLANG_ANALYZER_NUMBER_OBJECT_CONVERSION = YES_AGGRESSIVE;
				CLANG_CXX_LANGUAGE_STANDARD = "gnu++14";
				CLANG_CXX_LIBRARY = "libc++";
				CLANG_ENABLE_MODULES = YES;
				CLANG_ENABLE_OBJC_ARC = YES;
				CLANG_WARN_BLOCK_CAPTURE_AUTORELEASING = YES;
				CLANG_WARN_BOOL_CONVERSION = YES;
				CLANG_WARN_COMMA = YES;
				CLANG_WARN_CONSTANT_CONVERSION = YES;
				CLANG_WARN_DIRECT_OBJC_ISA_USAGE = YES_ERROR;
				CLANG_WARN_DOCUMENTATION_COMMENTS = YES;
				CLANG_WARN_EMPTY_BODY = YES;
				CLANG_WARN_ENUM_CONVERSION = YES;
				CLANG_WARN_INFINITE_RECURSION = YES;
				CLANG_WARN_INT_CONVERSION = YES;
				CLANG_WARN_NON_LITERAL_NULL_CONVERSION = YES;
				CLANG_WARN_OBJC_LITERAL_CONVERSION = YES;
				CLANG_WARN_OBJC_ROOT_CLASS = YES_ERROR;
				CLANG_WARN_RANGE_LOOP_ANALYSIS = YES;
				CLANG_WARN_STRICT_PROTOTYPES = YES;
				CLANG_WARN_SUSPICIOUS_MOVE = YES;
				CLANG_WARN_UNGUARDED_AVAILABILITY = YES_AGGRESSIVE;
				CLANG_WARN_UNREACHABLE_CODE = YES;
				CLANG_WARN__DUPLICATE_METHOD_MATCH = YES;
				CODE_SIGN_IDENTITY = "iPhone Developer";
				COPY_PHASE_STRIP = NO;
				DEBUG_INFORMATION_FORMAT = dwarf;
				ENABLE_STRICT_OBJC_MSGSEND = YES;
				ENABLE_TESTABILITY = YES;
				GCC_C_LANGUAGE_STANDARD = gnu11;
				GCC_DYNAMIC_NO_PIC = NO;
				GCC_NO_COMMON_BLOCKS = YES;
				GCC_OPTIMIZATION_LEVEL = 0;
				GCC_PREPROCESSOR_DEFINITIONS = (
					"DEBUG=1",
					"$(inherited)",
				);
				GCC_WARN_64_TO_32_BIT_CONVERSION = YES;
				GCC_WARN_ABOUT_RETURN_TYPE = YES_ERROR;
				GCC_WARN_UNDECLARED_SELECTOR = YES;
				GCC_WARN_UNINITIALIZED_AUTOS = YES_AGGRESSIVE;
				GCC_WARN_UNUSED_FUNCTION = YES;
				GCC_WARN_UNUSED_VARIABLE = YES;
				IPHONEOS_DEPLOYMENT_TARGET = 11.0;
				MTL_ENABLE_DEBUG_INFO = YES;
				ONLY_ACTIVE_ARCH = YES;
				SDKROOT = iphoneos;
				SWIFT_ACTIVE_COMPILATION_CONDITIONS = DEBUG;
				SWIFT_OPTIMIZATION_LEVEL = "-Onone";
			};
			name = Debug;
		};
		67D258191FBC2E8A0029B74E /* Release */ = {
			isa = XCBuildConfiguration;
			buildSettings = {
				ALWAYS_SEARCH_USER_PATHS = NO;
				CLANG_ANALYZER_NONNULL = YES;
				CLANG_ANALYZER_NUMBER_OBJECT_CONVERSION = YES_AGGRESSIVE;
				CLANG_CXX_LANGUAGE_STANDARD = "gnu++14";
				CLANG_CXX_LIBRARY = "libc++";
				CLANG_ENABLE_MODULES = YES;
				CLANG_ENABLE_OBJC_ARC = YES;
				CLANG_WARN_BLOCK_CAPTURE_AUTORELEASING = YES;
				CLANG_WARN_BOOL_CONVERSION = YES;
				CLANG_WARN_COMMA = YES;
				CLANG_WARN_CONSTANT_CONVERSION = YES;
				CLANG_WARN_DIRECT_OBJC_ISA_USAGE = YES_ERROR;
				CLANG_WARN_DOCUMENTATION_COMMENTS = YES;
				CLANG_WARN_EMPTY_BODY = YES;
				CLANG_WARN_ENUM_CONVERSION = YES;
				CLANG_WARN_INFINITE_RECURSION = YES;
				CLANG_WARN_INT_CONVERSION = YES;
				CLANG_WARN_NON_LITERAL_NULL_CONVERSION = YES;
				CLANG_WARN_OBJC_LITERAL_CONVERSION = YES;
				CLANG_WARN_OBJC_ROOT_CLASS = YES_ERROR;
				CLANG_WARN_RANGE_LOOP_ANALYSIS = YES;
				CLANG_WARN_STRICT_PROTOTYPES = YES;
				CLANG_WARN_SUSPICIOUS_MOVE = YES;
				CLANG_WARN_UNGUARDED_AVAILABILITY = YES_AGGRESSIVE;
				CLANG_WARN_UNREACHABLE_CODE = YES;
				CLANG_WARN__DUPLICATE_METHOD_MATCH = YES;
				CODE_SIGN_IDENTITY = "iPhone Developer";
				COPY_PHASE_STRIP = NO;
				DEBUG_INFORMATION_FORMAT = "dwarf-with-dsym";
				ENABLE_NS_ASSERTIONS = NO;
				ENABLE_STRICT_OBJC_MSGSEND = YES;
				GCC_C_LANGUAGE_STANDARD = gnu11;
				GCC_NO_COMMON_BLOCKS = YES;
				GCC_WARN_64_TO_32_BIT_CONVERSION = YES;
				GCC_WARN_ABOUT_RETURN_TYPE = YES_ERROR;
				GCC_WARN_UNDECLARED_SELECTOR = YES;
				GCC_WARN_UNINITIALIZED_AUTOS = YES_AGGRESSIVE;
				GCC_WARN_UNUSED_FUNCTION = YES;
				GCC_WARN_UNUSED_VARIABLE = YES;
				IPHONEOS_DEPLOYMENT_TARGET = 11.0;
				MTL_ENABLE_DEBUG_INFO = NO;
				SDKROOT = iphoneos;
				SWIFT_OPTIMIZATION_LEVEL = "-Owholemodule";
				VALIDATE_PRODUCT = YES;
			};
			name = Release;
		};
		67D2581B1FBC2E8A0029B74E /* Debug */ = {
			isa = XCBuildConfiguration;
			buildSettings = {
				ASSETCATALOG_COMPILER_APPICON_NAME = AppIcon;
				CODE_SIGN_STYLE = Automatic;
				INFOPLIST_FILE = PassDataUsingClousre/Info.plist;
				LD_RUNPATH_SEARCH_PATHS = "$(inherited) @executable_path/Frameworks";
				PRODUCT_BUNDLE_IDENTIFIER = com.example.PassDataUsingClousre;
				PRODUCT_NAME = "$(TARGET_NAME)";
				SWIFT_VERSION = 4.0;
				TARGETED_DEVICE_FAMILY = "1,2";
			};
			name = Debug;
		};
		67D2581C1FBC2E8A0029B74E /* Release */ = {
			isa = XCBuildConfiguration;
			buildSettings = {
				ASSETCATALOG_COMPILER_APPICON_NAME = AppIcon;
				CODE_SIGN_STYLE = Automatic;
				INFOPLIST_FILE = PassDataUsingClousre/Info.plist;
				LD_RUNPATH_SEARCH_PATHS = "$(inherited) @executable_path/Frameworks";
				PRODUCT_BUNDLE_IDENTIFIER = com.example.PassDataUsingClousre;
				PRODUCT_NAME = "$(TARGET_NAME)";
				SWIFT_VERSION = 4.0;
				TARGETED_DEVICE_FAMILY = "1,2";
			};
			name = Release;
		};
		67D2581E1FBC2E8A0029B74E /* Debug */ = {
			isa = XCBuildConfiguration;
			buildSettings = {
				ALWAYS_EMBED_SWIFT_STANDARD_LIBRARIES = YES;
				BUNDLE_LOADER = "$(TEST_HOST)";
				CODE_SIGN_STYLE = Automatic;
				INFOPLIST_FILE = PassDataUsingClousreTests/Info.plist;
				LD_RUNPATH_SEARCH_PATHS = "$(inherited) @executable_path/Frameworks @loader_path/Frameworks";
				PRODUCT_BUNDLE_IDENTIFIER = com.example.PassDataUsingClousreTests;
				PRODUCT_NAME = "$(TARGET_NAME)";
				SWIFT_VERSION = 4.0;
				TARGETED_DEVICE_FAMILY = "1,2";
				TEST_HOST = "$(BUILT_PRODUCTS_DIR)/PassDataUsingClousre.app/PassDataUsingClousre";
			};
			name = Debug;
		};
		67D2581F1FBC2E8A0029B74E /* Release */ = {
			isa = XCBuildConfiguration;
			buildSettings = {
				ALWAYS_EMBED_SWIFT_STANDARD_LIBRARIES = YES;
				BUNDLE_LOADER = "$(TEST_HOST)";
				CODE_SIGN_STYLE = Automatic;
				INFOPLIST_FILE = PassDataUsingClousreTests/Info.plist;
				LD_RUNPATH_SEARCH_PATHS = "$(inherited) @executable_path/Frameworks @loader_path/Frameworks";
				PRODUCT_BUNDLE_IDENTIFIER = com.example.PassDataUsingClousreTests;
				PRODUCT_NAME = "$(TARGET_NAME)";
				SWIFT_VERSION = 4.0;
				TARGETED_DEVICE_FAMILY = "1,2";
				TEST_HOST = "$(BUILT_PRODUCTS_DIR)/PassDataUsingClousre.app/PassDataUsingClousre";
			};
			name = Release;
		};
/* End XCBuildConfiguration section */

/* Begin XCConfigurationList section */
		67D257F81FBC2E890029B74E /* Build configuration list for PBXProject "PassDataUsingClousre" */ = {
			isa = XCConfigurationList;
			buildConfigurations = (
				67D258181FBC2E8A0029B74E /* Debug */,
				67D258191FBC2E8A0029B74E /* Release */,
			);
			defaultConfigurationIsVisible = 0;
			defaultConfigurationName = Release;
		};
		67D2581A1FBC2E8A0029B74E /* Build configuration list for PBXNativeTarget "PassDataUsingClousre" */ = {
			isa = XCConfigurationList;
			buildConfigurations = (
				67D2581B1FBC2E8A0029B74E /* Debug */,
				67D2581C1FBC2E8A0029B74E /* Release */,
			);
			defaultConfigurationIsVisible = 0;
			defaultConfigurationName = Release;
		};
		67D2581D1FBC2E8A0029B74E /* Build configuration list for PBXNativeTarget "PassDataUsingClousreTests" */ = {
			isa = XCConfigurationList;
			buildConfigurations = (
				67D2581E1FBC2E8A0029B74E /* Debug */,
				67D2581F1FBC2E8A0029B74E /* Release */,
			);
			defaultConfigurationIsVisible = 0;
			defaultConfigurationName = Release;
		};
/* End XCConfigurationList section */
	};
	rootObject = 67D257F51FBC2E890029B74E /* Project object */;
}
